github.com/willfaught/paige v0.84.0 h1:5069yQPRcxN9gHp9SlQoLwQD/asHaD4Qnub2FMZWZEg=
github.com/willfaught/paige v0.84.0/go.mod h1:0Nt8ifl7UVYQIBaMtpZmg+BrQHHzFNqKcrBoA2Oo4/E=
github.com/willfaught/paige v0.85.0 h1:e+1PxCScXyW8vPWYQ+EqAn0OdiQfGe8rS7WKpu0s/Ng=
github.com/willfaught/paige v0.85.0/go.mod h1:0Nt8ifl7UVYQIBaMtpZmg+BrQHHzFNqKcrBoA2Oo4/E=
